// !$*UTF8*$!
{
	archiveVersion = 1;
	classes = {
	};
	objectVersion = 46;
	objects = {

/* Begin PBXBuildFile section */
		001BEFA91A8C216900C9E541 /* AppDelegate.swift in Sources */ = {isa = PBXBuildFile; fileRef = 001BEFA81A8C216900C9E541 /* AppDelegate.swift */; };
		001BEFAB1A8C216900C9E541 /* Document.swift in Sources */ = {isa = PBXBuildFile; fileRef = 001BEFAA1A8C216900C9E541 /* Document.swift */; };
		001BEFAE1A8C216A00C9E541 /* Document.xib in Resources */ = {isa = PBXBuildFile; fileRef = 001BEFAC1A8C216A00C9E541 /* Document.xib */; };
		001BEFB11A8C216A00C9E541 /* Document.xcdatamodeld in Sources */ = {isa = PBXBuildFile; fileRef = 001BEFAF1A8C216A00C9E541 /* Document.xcdatamodeld */; };
		001BEFB31A8C216A00C9E541 /* Images.xcassets in Resources */ = {isa = PBXBuildFile; fileRef = 001BEFB21A8C216A00C9E541 /* Images.xcassets */; };
		001BEFB61A8C216A00C9E541 /* MainMenu.xib in Resources */ = {isa = PBXBuildFile; fileRef = 001BEFB41A8C216A00C9E541 /* MainMenu.xib */; };
		001BEFC21A8C216D00C9E541 /* Single_Subject_DesignTests.swift in Sources */ = {isa = PBXBuildFile; fileRef = 001BEFC11A8C216D00C9E541 /* Single_Subject_DesignTests.swift */; };
/* End PBXBuildFile section */

/* Begin PBXContainerItemProxy section */
		001BEFBC1A8C216D00C9E541 /* PBXContainerItemProxy */ = {
			isa = PBXContainerItemProxy;
			containerPortal = 001BEF9B1A8C216600C9E541 /* Project object */;
			proxyType = 1;
			remoteGlobalIDString = 001BEFA21A8C216700C9E541;
			remoteInfo = "Single Subject Design";
		};
/* End PBXContainerItemProxy section */

/* Begin PBXFileReference section */
		001BEFA31A8C216900C9E541 /* Single Subject Design.app */ = {isa = PBXFileReference; explicitFileType = wrapper.application; includeInIndex = 0; path = "Single Subject Design.app"; sourceTree = BUILT_PRODUCTS_DIR; };
		001BEFA71A8C216900C9E541 /* Info.plist */ = {isa = PBXFileReference; lastKnownFileType = text.plist.xml; path = Info.plist; sourceTree = "<group>"; };
		001BEFA81A8C216900C9E541 /* AppDelegate.swift */ = {isa = PBXFileReference; lastKnownFileType = sourcecode.swift; path = AppDelegate.swift; sourceTree = "<group>"; };
		001BEFAA1A8C216900C9E541 /* Document.swift */ = {isa = PBXFileReference; lastKnownFileType = sourcecode.swift; path = Document.swift; sourceTree = "<group>"; };
		001BEFAD1A8C216A00C9E541 /* Base */ = {isa = PBXFileReference; lastKnownFileType = file.xib; name = Base; path = Base.lproj/Document.xib; sourceTree = "<group>"; };
		001BEFB01A8C216A00C9E541 /* Document.xcdatamodel */ = {isa = PBXFileReference; lastKnownFileType = wrapper.xcdatamodel; path = Document.xcdatamodel; sourceTree = "<group>"; };
		001BEFB21A8C216A00C9E541 /* Images.xcassets */ = {isa = PBXFileReference; lastKnownFileType = folder.assetcatalog; path = Images.xcassets; sourceTree = "<group>"; };
		001BEFB51A8C216A00C9E541 /* Base */ = {isa = PBXFileReference; lastKnownFileType = file.xib; name = Base; path = Base.lproj/MainMenu.xib; sourceTree = "<group>"; };
		001BEFBB1A8C216D00C9E541 /* Single Subject DesignTests.xctest */ = {isa = PBXFileReference; explicitFileType = wrapper.cfbundle; includeInIndex = 0; path = "Single Subject DesignTests.xctest"; sourceTree = BUILT_PRODUCTS_DIR; };
		001BEFC01A8C216D00C9E541 /* Info.plist */ = {isa = PBXFileReference; lastKnownFileType = text.plist.xml; path = Info.plist; sourceTree = "<group>"; };
		001BEFC11A8C216D00C9E541 /* Single_Subject_DesignTests.swift */ = {isa = PBXFileReference; lastKnownFileType = sourcecode.swift; path = Single_Subject_DesignTests.swift; sourceTree = "<group>"; };
/* End PBXFileReference section */

/* Begin PBXFrameworksBuildPhase section */
		001BEFA01A8C216700C9E541 /* Frameworks */ = {
			isa = PBXFrameworksBuildPhase;
			buildActionMask = 2147483647;
			files = (
			);
			runOnlyForDeploymentPostprocessing = 0;
		};
		001BEFB81A8C216D00C9E541 /* Frameworks */ = {
			isa = PBXFrameworksBuildPhase;
			buildActionMask = 2147483647;
			files = (
			);
			runOnlyForDeploymentPostprocessing = 0;
		};
/* End PBXFrameworksBuildPhase section */

/* Begin PBXGroup section */
		001BEF9A1A8C216500C9E541 = {
			isa = PBXGroup;
			children = (
				001BEFA51A8C216900C9E541 /* Single Subject Design */,
				001BEFBE1A8C216D00C9E541 /* Single Subject DesignTests */,
				001BEFA41A8C216900C9E541 /* Products */,
			);
			sourceTree = "<group>";
		};
		001BEFA41A8C216900C9E541 /* Products */ = {
			isa = PBXGroup;
			children = (
				001BEFA31A8C216900C9E541 /* Single Subject Design.app */,
				001BEFBB1A8C216D00C9E541 /* Single Subject DesignTests.xctest */,
			);
			name = Products;
			sourceTree = "<group>";
		};
		001BEFA51A8C216900C9E541 /* Single Subject Design */ = {
			isa = PBXGroup;
			children = (
				001BEFA81A8C216900C9E541 /* AppDelegate.swift */,
				001BEFAA1A8C216900C9E541 /* Document.swift */,
				001BEFAC1A8C216A00C9E541 /* Document.xib */,
				001BEFB21A8C216A00C9E541 /* Images.xcassets */,
				001BEFB41A8C216A00C9E541 /* MainMenu.xib */,
				001BEFAF1A8C216A00C9E541 /* Document.xcdatamodeld */,
				001BEFA61A8C216900C9E541 /* Supporting Files */,
			);
			path = "Single Subject Design";
			sourceTree = "<group>";
		};
		001BEFA61A8C216900C9E541 /* Supporting Files */ = {
			isa = PBXGroup;
			children = (
				001BEFA71A8C216900C9E541 /* Info.plist */,
			);
			name = "Supporting Files";
			sourceTree = "<group>";
		};
		001BEFBE1A8C216D00C9E541 /* Single Subject DesignTests */ = {
			isa = PBXGroup;
			children = (
				001BEFC11A8C216D00C9E541 /* Single_Subject_DesignTests.swift */,
				001BEFBF1A8C216D00C9E541 /* Supporting Files */,
			);
			path = "Single Subject DesignTests";
			sourceTree = "<group>";
		};
		001BEFBF1A8C216D00C9E541 /* Supporting Files */ = {
			isa = PBXGroup;
			children = (
				001BEFC01A8C216D00C9E541 /* Info.plist */,
			);
			name = "Supporting Files";
			sourceTree = "<group>";
		};
/* End PBXGroup section */

/* Begin PBXNativeTarget section */
		001BEFA21A8C216700C9E541 /* Single Subject Design */ = {
			isa = PBXNativeTarget;
			buildConfigurationList = 001BEFC51A8C216D00C9E541 /* Build configuration list for PBXNativeTarget "Single Subject Design" */;
			buildPhases = (
				001BEF9F1A8C216700C9E541 /* Sources */,
				001BEFA01A8C216700C9E541 /* Frameworks */,
				001BEFA11A8C216700C9E541 /* Resources */,
			);
			buildRules = (
			);
			dependencies = (
			);
			name = "Single Subject Design";
			productName = "Single Subject Design";
			productReference = 001BEFA31A8C216900C9E541 /* Single Subject Design.app */;
			productType = "com.apple.product-type.application";
		};
		001BEFBA1A8C216D00C9E541 /* Single Subject DesignTests */ = {
			isa = PBXNativeTarget;
			buildConfigurationList = 001BEFC81A8C216D00C9E541 /* Build configuration list for PBXNativeTarget "Single Subject DesignTests" */;
			buildPhases = (
				001BEFB71A8C216D00C9E541 /* Sources */,
				001BEFB81A8C216D00C9E541 /* Frameworks */,
				001BEFB91A8C216D00C9E541 /* Resources */,
			);
			buildRules = (
			);
			dependencies = (
				001BEFBD1A8C216D00C9E541 /* PBXTargetDependency */,
			);
			name = "Single Subject DesignTests";
			productName = "Single Subject DesignTests";
			productReference = 001BEFBB1A8C216D00C9E541 /* Single Subject DesignTests.xctest */;
			productType = "com.apple.product-type.bundle.unit-test";
		};
/* End PBXNativeTarget section */

/* Begin PBXProject section */
		001BEF9B1A8C216600C9E541 /* Project object */ = {
			isa = PBXProject;
			attributes = {
				LastUpgradeCheck = 0610;
				ORGANIZATIONNAME = wpmaab;
				TargetAttributes = {
					001BEFA21A8C216700C9E541 = {
						CreatedOnToolsVersion = 6.1.1;
					};
					001BEFBA1A8C216D00C9E541 = {
						CreatedOnToolsVersion = 6.1.1;
						TestTargetID = 001BEFA21A8C216700C9E541;
					};
				};
			};
			buildConfigurationList = 001BEF9E1A8C216600C9E541 /* Build configuration list for PBXProject "Single Subject Design" */;
			compatibilityVersion = "Xcode 3.2";
			developmentRegion = English;
			hasScannedForEncodings = 0;
			knownRegions = (
				en,
				Base,
			);
			mainGroup = 001BEF9A1A8C216500C9E541;
			productRefGroup = 001BEFA41A8C216900C9E541 /* Products */;
			projectDirPath = "";
			projectRoot = "";
			targets = (
				001BEFA21A8C216700C9E541 /* Single Subject Design */,
				001BEFBA1A8C216D00C9E541 /* Single Subject DesignTests */,
			);
		};
/* End PBXProject section */

/* Begin PBXResourcesBuildPhase section */
		001BEFA11A8C216700C9E541 /* Resources */ = {
			isa = PBXResourcesBuildPhase;
			buildActionMask = 2147483647;
			files = (
				001BEFAE1A8C216A00C9E541 /* Document.xib in Resources */,
				001BEFB31A8C216A00C9E541 /* Images.xcassets in Resources */,
				001BEFB61A8C216A00C9E541 /* MainMenu.xib in Resources */,
			);
			runOnlyForDeploymentPostprocessing = 0;
		};
		001BEFB91A8C216D00C9E541 /* Resources */ = {
			isa = PBXResourcesBuildPhase;
			buildActionMask = 2147483647;
			files = (
			);
			runOnlyForDeploymentPostprocessing = 0;
		};
/* End PBXResourcesBuildPhase section */

/* Begin PBXSourcesBuildPhase section */
		001BEF9F1A8C216700C9E541 /* Sources */ = {
			isa = PBXSourcesBuildPhase;
			buildActionMask = 2147483647;
			files = (
				001BEFB11A8C216A00C9E541 /* Document.xcdatamodeld in Sources */,
				001BEFAB1A8C216900C9E541 /* Document.swift in Sources */,
				001BEFA91A8C216900C9E541 /* AppDelegate.swift in Sources */,
			);
			runOnlyForDeploymentPostprocessing = 0;
		};
		001BEFB71A8C216D00C9E541 /* Sources */ = {
			isa = PBXSourcesBuildPhase;
			buildActionMask = 2147483647;
			files = (
				001BEFC21A8C216D00C9E541 /* Single_Subject_DesignTests.swift in Sources */,
			);
			runOnlyForDeploymentPostprocessing = 0;
		};
/* End PBXSourcesBuildPhase section */

/* Begin PBXTargetDependency section */
		001BEFBD1A8C216D00C9E541 /* PBXTargetDependency */ = {
			isa = PBXTargetDependency;
			target = 001BEFA21A8C216700C9E541 /* Single Subject Design */;
			targetProxy = 001BEFBC1A8C216D00C9E541 /* PBXContainerItemProxy */;
		};
/* End PBXTargetDependency section */

/* Begin PBXVariantGroup section */
		001BEFAC1A8C216A00C9E541 /* Document.xib */ = {
			isa = PBXVariantGroup;
			children = (
				001BEFAD1A8C216A00C9E541 /* Base */,
			);
			name = Document.xib;
			sourceTree = "<group>";
		};
		001BEFB41A8C216A00C9E541 /* MainMenu.xib */ = {
			isa = PBXVariantGroup;
			children = (
				001BEFB51A8C216A00C9E541 /* Base */,
			);
			name = MainMenu.xib;
			sourceTree = "<group>";
		};
/* End PBXVariantGroup section */

/* Begin XCBuildConfiguration section */
		001BEFC31A8C216D00C9E541 /* Debug */ = {
			isa = XCBuildConfiguration;
			buildSettings = {
				ALWAYS_SEARCH_USER_PATHS = NO;
				CLANG_CXX_LANGUAGE_STANDARD = "gnu++0x";
				CLANG_CXX_LIBRARY = "libc++";
				CLANG_ENABLE_MODULES = YES;
				CLANG_ENABLE_OBJC_ARC = YES;
				CLANG_WARN_BOOL_CONVERSION = YES;
				CLANG_WARN_CONSTANT_CONVERSION = YES;
				CLANG_WARN_DIRECT_OBJC_ISA_USAGE = YES_ERROR;
				CLANG_WARN_EMPTY_BODY = YES;
				CLANG_WARN_ENUM_CONVERSION = YES;
				CLANG_WARN_INT_CONVERSION = YES;
				CLANG_WARN_OBJC_ROOT_CLASS = YES_ERROR;
				CLANG_WARN_UNREACHABLE_CODE = YES;
				CLANG_WARN__DUPLICATE_METHOD_MATCH = YES;
				CODE_SIGN_IDENTITY = "-";
				COPY_PHASE_STRIP = NO;
				ENABLE_STRICT_OBJC_MSGSEND = YES;
				GCC_C_LANGUAGE_STANDARD = gnu99;
				GCC_DYNAMIC_NO_PIC = NO;
				GCC_OPTIMIZATION_LEVEL = 0;
				GCC_PREPROCESSOR_DEFINITIONS = (
					"DEBUG=1",
					"$(inherited)",
				);
				GCC_SYMBOLS_PRIVATE_EXTERN = NO;
				GCC_WARN_64_TO_32_BIT_CONVERSION = YES;
				GCC_WARN_ABOUT_RETURN_TYPE = YES_ERROR;
				GCC_WARN_UNDECLARED_SELECTOR = YES;
				GCC_WARN_UNINITIALIZED_AUTOS = YES_AGGRESSIVE;
				GCC_WARN_UNUSED_FUNCTION = YES;
				GCC_WARN_UNUSED_VARIABLE = YES;
				MACOSX_DEPLOYMENT_TARGET = 10.9;
				MTL_ENABLE_DEBUG_INFO = YES;
				ONLY_ACTIVE_ARCH = YES;
				SDKROOT = macosx;
				SWIFT_OPTIMIZATION_LEVEL = "-Onone";
			};
			name = Debug;
		};
		001BEFC41A8C216D00C9E541 /* Release */ = {
			isa = XCBuildConfiguration;
			buildSettings = {
				ALWAYS_SEARCH_USER_PATHS = NO;
				CLANG_CXX_LANGUAGE_STANDARD = "gnu++0x";
				CLANG_CXX_LIBRARY = "libc++";
				CLANG_ENABLE_MODULES = YES;
				CLANG_ENABLE_OBJC_ARC = YES;
				CLANG_WARN_BOOL_CONVERSION = YES;
				CLANG_WARN_CONSTANT_CONVERSION = YES;
				CLANG_WARN_DIRECT_OBJC_ISA_USAGE = YES_ERROR;
				CLANG_WARN_EMPTY_BODY = YES;
				CLANG_WARN_ENUM_CONVERSION = YES;
				CLANG_WARN_INT_CONVERSION = YES;
				CLANG_WARN_OBJC_ROOT_CLASS = YES_ERROR;
				CLANG_WARN_UNREACHABLE_CODE = YES;
				CLANG_WARN__DUPLICATE_METHOD_MATCH = YES;
				CODE_SIGN_IDENTITY = "-";
				COPY_PHASE_STRIP = YES;
				DEBUG_INFORMATION_FORMAT = "dwarf-with-dsym";
				ENABLE_NS_ASSERTIONS = NO;
				ENABLE_STRICT_OBJC_MSGSEND = YES;
				GCC_C_LANGUAGE_STANDARD = gnu99;
				GCC_WARN_64_TO_32_BIT_CONVERSION = YES;
				GCC_WARN_ABOUT_RETURN_TYPE = YES_ERROR;
				GCC_WARN_UNDECLARED_SELECTOR = YES;
				GCC_WARN_UNINITIALIZED_AUTOS = YES_AGGRESSIVE;
				GCC_WARN_UNUSED_FUNCTION = YES;
				GCC_WARN_UNUSED_VARIABLE = YES;
				MACOSX_DEPLOYMENT_TARGET = 10.9;
				MTL_ENABLE_DEBUG_INFO = NO;
				SDKROOT = macosx;
			};
			name = Release;
		};
		001BEFC61A8C216D00C9E541 /* Debug */ = {
			isa = XCBuildConfiguration;
			buildSettings = {
				ASSETCATALOG_COMPILER_APPICON_NAME = AppIcon;
				COMBINE_HIDPI_IMAGES = YES;
				INFOPLIST_FILE = "Single Subject Design/Info.plist";
				LD_RUNPATH_SEARCH_PATHS = "$(inherited) @executable_path/../Frameworks";
				PRODUCT_NAME = "$(TARGET_NAME)";
			};
			name = Debug;
		};
		001BEFC71A8C216D00C9E541 /* Release */ = {
			isa = XCBuildConfiguration;
			buildSettings = {
				ASSETCATALOG_COMPILER_APPICON_NAME = AppIcon;
				COMBINE_HIDPI_IMAGES = YES;
				INFOPLIST_FILE = "Single Subject Design/Info.plist";
				LD_RUNPATH_SEARCH_PATHS = "$(inherited) @executable_path/../Frameworks";
				PRODUCT_NAME = "$(TARGET_NAME)";
			};
			name = Release;
		};
		001BEFC91A8C216D00C9E541 /* Debug */ = {
			isa = XCBuildConfiguration;
			buildSettings = {
				BUNDLE_LOADER = "$(TEST_HOST)";
				COMBINE_HIDPI_IMAGES = YES;
				FRAMEWORK_SEARCH_PATHS = (
					"$(DEVELOPER_FRAMEWORKS_DIR)",
					"$(inherited)",
				);
				GCC_PREPROCESSOR_DEFINITIONS = (
					"DEBUG=1",
					"$(inherited)",
				);
				INFOPLIST_FILE = "Single Subject DesignTests/Info.plist";
				LD_RUNPATH_SEARCH_PATHS = "$(inherited) @executable_path/../Frameworks @loader_path/../Frameworks";
				PRODUCT_NAME = "$(TARGET_NAME)";
				TEST_HOST = "$(BUILT_PRODUCTS_DIR)/Single Subject Design.app/Contents/MacOS/Single Subject Design";
			};
			name = Debug;
		};
		001BEFCA1A8C216D00C9E541 /* Release */ = {
			isa = XCBuildConfiguration;
			buildSettings = {
				BUNDLE_LOADER = "$(TEST_HOST)";
				COMBINE_HIDPI_IMAGES = YES;
				FRAMEWORK_SEARCH_PATHS = (
					"$(DEVELOPER_FRAMEWORKS_DIR)",
					"$(inherited)",
				);
				INFOPLIST_FILE = "Single Subject DesignTests/Info.plist";
				LD_RUNPATH_SEARCH_PATHS = "$(inherited) @executable_path/../Frameworks @loader_path/../Frameworks";
				PRODUCT_NAME = "$(TARGET_NAME)";
				TEST_HOST = "$(BUILT_PRODUCTS_DIR)/Single Subject Design.app/Contents/MacOS/Single Subject Design";
			};
			name = Release;
		};
/* End XCBuildConfiguration section */

/* Begin XCConfigurationList section */
		001BEF9E1A8C216600C9E541 /* Build configuration list for PBXProject "Single Subject Design" */ = {
			isa = XCConfigurationList;
			buildConfigurations = (
				001BEFC31A8C216D00C9E541 /* Debug */,
				001BEFC41A8C216D00C9E541 /* Release */,
			);
			defaultConfigurationIsVisible = 0;
			defaultConfigurationName = Release;
		};
		001BEFC51A8C216D00C9E541 /* Build configuration list for PBXNativeTarget "Single Subject Design" */ = {
			isa = XCConfigurationList;
			buildConfigurations = (
				001BEFC61A8C216D00C9E541 /* Debug */,
				001BEFC71A8C216D00C9E541 /* Release */,
			);
			defaultConfigurationIsVisible = 0;
		};
		001BEFC81A8C216D00C9E541 /* Build configuration list for PBXNativeTarget "Single Subject DesignTests" */ = {
			isa = XCConfigurationList;
			buildConfigurations = (
				001BEFC91A8C216D00C9E541 /* Debug */,
				001BEFCA1A8C216D00C9E541 /* Release */,
			);
			defaultConfigurationIsVisible = 0;
		};
/* End XCConfigurationList section */

/* Begin XCVersionGroup section */
		001BEFAF1A8C216A00C9E541 /* Document.xcdatamodeld */ = {
			isa = XCVersionGroup;
			children = (
				001BEFB01A8C216A00C9E541 /* Document.xcdatamodel */,
			);
			currentVersion = 001BEFB01A8C216A00C9E541 /* Document.xcdatamodel */;
			path = Document.xcdatamodeld;
			sourceTree = "<group>";
			versionGroupType = wrapper.xcdatamodel;
		};
/* End XCVersionGroup section */
	};
	rootObject = 001BEF9B1A8C216600C9E541 /* Project object */;
}
